PODS:
  - bonsoir (1.0.0):
    - Flutter
  - connectivity (0.0.1):
    - Flutter
    - Reachability
  - device_info (0.0.1):
    - Flutter
  - DKImagePickerController/Core (4.3.2):
    - DKImagePickerController/ImageDataManager
    - DKImagePickerController/Resource
  - DKImagePickerController/ImageDataManager (4.3.2)
  - DKImagePickerController/PhotoGallery (4.3.2):
    - DKImagePickerController/Core
    - DKPhotoGallery
  - DKImagePickerController/Resource (4.3.2)
  - DKPhotoGallery (0.0.17):
    - DKPhotoGallery/Core (= 0.0.17)
    - DKPhotoGallery/Model (= 0.0.17)
    - DKPhotoGallery/Preview (= 0.0.17)
    - DKPhotoGallery/Resource (= 0.0.17)
    - SDWebImage
    - SwiftyGif
  - DKPhotoGallery/Core (0.0.17):
    - DKPhotoGallery/Model
    - DKPhotoGallery/Preview
    - SDWebImage
    - SwiftyGif
  - DKPhotoGallery/Model (0.0.17):
    - SDWebImage
    - SwiftyGif
  - DKPhotoGallery/Preview (0.0.17):
    - DKPhotoGallery/Model
    - DKPhotoGallery/Resource
    - SDWebImage
    - SwiftyGif
  - DKPhotoGallery/Resource (0.0.17):
    - SDWebImage
    - SwiftyGif
  - ext_storage (0.0.1):
    - Flutter
  - file_picker (0.0.1):
    - DKImagePickerController/PhotoGallery
    - Flutter
  - Flutter (1.0.0)
  - flutter_email_sender (0.0.1):
    - Flutter
  - flutter_tex_js (0.0.1):
    - Flutter
  - FMDB (2.7.5):
    - FMDB/standard (= 2.7.5)
  - FMDB/standard (2.7.5)
  - icloud_documents_path (0.0.1):
    - Flutter
  - image_picker (0.0.1):
    - Flutter
  - in_app_purchase (0.0.1):
    - Flutter
  - launch_review (0.0.1):
    - Flutter
  - package_info (0.0.1):
    - Flutter
  - package_info_plus (0.4.5):
    - Flutter
  - path_provider (0.0.1):
    - Flutter
  - "permission_handler (5.1.0+2)":
    - Flutter
  - quick_actions (0.0.1):
    - Flutter
  - Reachability (3.2)
  - receive_sharing_intent (0.0.1):
    - Flutter
  - SDWebImage (5.11.0):
    - SDWebImage/Core (= 5.11.0)
  - SDWebImage/Core (5.11.0)
  - Sentry (6.2.1):
    - Sentry/Core (= 6.2.1)
  - Sentry/Core (6.2.1)
  - sentry_flutter (0.0.1):
    - Flutter
    - Sentry (~> 6.2.1)
  - share (0.0.1):
    - Flutter
  - shared_preferences (0.0.1):
    - Flutter
  - sqflite (0.0.2):
    - Flutter
    - FMDB (>= 2.7.5)
  - SwiftyGif (5.4.0)
  - url_launcher (0.0.1):
    - Flutter

DEPENDENCIES:
  - bonsoir (from `.symlinks/plugins/bonsoir/ios`)
  - connectivity (from `.symlinks/plugins/connectivity/ios`)
  - device_info (from `.symlinks/plugins/device_info/ios`)
  - ext_storage (from `.symlinks/plugins/ext_storage/ios`)
  - file_picker (from `.symlinks/plugins/file_picker/ios`)
  - Flutter (from `Flutter`)
  - flutter_email_sender (from `.symlinks/plugins/flutter_email_sender/ios`)
  - flutter_tex_js (from `.symlinks/plugins/flutter_tex_js/ios`)
  - icloud_documents_path (from `.symlinks/plugins/icloud_documents_path/ios`)
  - image_picker (from `.symlinks/plugins/image_picker/ios`)
  - in_app_purchase (from `.symlinks/plugins/in_app_purchase/ios`)
  - launch_review (from `.symlinks/plugins/launch_review/ios`)
  - package_info (from `.symlinks/plugins/package_info/ios`)
  - package_info_plus (from `.symlinks/plugins/package_info_plus/ios`)
  - path_provider (from `.symlinks/plugins/path_provider/ios`)
  - permission_handler (from `.symlinks/plugins/permission_handler/ios`)
  - quick_actions (from `.symlinks/plugins/quick_actions/ios`)
  - receive_sharing_intent (from `.symlinks/plugins/receive_sharing_intent/ios`)
  - sentry_flutter (from `.symlinks/plugins/sentry_flutter/ios`)
  - share (from `.symlinks/plugins/share/ios`)
  - shared_preferences (from `.symlinks/plugins/shared_preferences/ios`)
  - sqflite (from `.symlinks/plugins/sqflite/ios`)
  - url_launcher (from `.symlinks/plugins/url_launcher/ios`)

SPEC REPOS:
  trunk:
    - DKImagePickerController
    - DKPhotoGallery
    - FMDB
    - Reachability
    - SDWebImage
    - Sentry
    - SwiftyGif

EXTERNAL SOURCES:
  bonsoir:
    :path: ".symlinks/plugins/bonsoir/ios"
  connectivity:
    :path: ".symlinks/plugins/connectivity/ios"
  device_info:
    :path: ".symlinks/plugins/device_info/ios"
  ext_storage:
    :path: ".symlinks/plugins/ext_storage/ios"
  file_picker:
    :path: ".symlinks/plugins/file_picker/ios"
  Flutter:
    :path: Flutter
  flutter_email_sender:
    :path: ".symlinks/plugins/flutter_email_sender/ios"
  flutter_tex_js:
    :path: ".symlinks/plugins/flutter_tex_js/ios"
  icloud_documents_path:
    :path: ".symlinks/plugins/icloud_documents_path/ios"
  image_picker:
    :path: ".symlinks/plugins/image_picker/ios"
  in_app_purchase:
    :path: ".symlinks/plugins/in_app_purchase/ios"
  launch_review:
    :path: ".symlinks/plugins/launch_review/ios"
  package_info:
    :path: ".symlinks/plugins/package_info/ios"
  package_info_plus:
    :path: ".symlinks/plugins/package_info_plus/ios"
  path_provider:
    :path: ".symlinks/plugins/path_provider/ios"
  permission_handler:
    :path: ".symlinks/plugins/permission_handler/ios"
  quick_actions:
    :path: ".symlinks/plugins/quick_actions/ios"
  receive_sharing_intent:
    :path: ".symlinks/plugins/receive_sharing_intent/ios"
  sentry_flutter:
    :path: ".symlinks/plugins/sentry_flutter/ios"
  share:
    :path: ".symlinks/plugins/share/ios"
  shared_preferences:
    :path: ".symlinks/plugins/shared_preferences/ios"
  sqflite:
    :path: ".symlinks/plugins/sqflite/ios"
  url_launcher:
    :path: ".symlinks/plugins/url_launcher/ios"

SPEC CHECKSUMS:
  bonsoir: 2310be9c8a8c0ed9bc467b73f8206937788b86b6
  connectivity: c4130b2985d4ef6fd26f9702e886bd5260681467
  device_info: d7d233b645a32c40dfdc212de5cf646ca482f175
  DKImagePickerController: b5eb7f7a388e4643264105d648d01f727110fc3d
  DKPhotoGallery: fdfad5125a9fdda9cc57df834d49df790dbb4179
  ext_storage: 4eaf3a84d5594106e2ebcc2502248cfde53c8fa1
  file_picker: 3e6c3790de664ccf9b882732d9db5eaf6b8d4eb1
  Flutter: 434fef37c0980e73bb6479ef766c45957d4b510c
  flutter_email_sender: 02d7443217d8c41483223627972bfdc09f74276b
  flutter_tex_js: 010eab32e3bc329fe1b6d48efd8a3b0c0506bb50
  FMDB: 2ce00b547f966261cd18927a3ddb07cb6f3db82a
  icloud_documents_path: 11c858abe03d6900cacce4ef86267f527c89ab7d
  image_picker: 50e7c7ff960e5f58faa4d1f4af84a771c671bc4a
  in_app_purchase: 3e2155afa9d03d4fa32d9e62d567885080ce97d6
  launch_review: 75d5a956ba8eaa493e9c9d4bf4c05e505e8d5ed0
  package_info: 873975fc26034f0b863a300ad47e7f1ac6c7ec62
  package_info_plus: 6c92f08e1f853dc01228d6f553146438dafcd14e
  path_provider: abfe2b5c733d04e238b0d8691db0cfd63a27a93c
  permission_handler: ccb20a9fad0ee9b1314a52b70b76b473c5f8dab0
  quick_actions: 6cb2390c4dab0e737c94573c27e18d9666710720
  Reachability: 33e18b67625424e47b6cde6d202dce689ad7af96
  receive_sharing_intent: c0d87310754e74c0f9542947e7cbdf3a0335a3b1
  SDWebImage: 7acbb57630ac7db4a495547fb73916ff3e432f6b
  Sentry: 9b922b396b0e0bca8516a10e36b0ea3ebea5faf7
  sentry_flutter: 5b3c6d717db5b7482504a313c831b318297d4d37
  share: 0b2c3e82132f5888bccca3351c504d0003b3b410
  shared_preferences: af6bfa751691cdc24be3045c43ec037377ada40d
  sqflite: 6d358c025f5b867b29ed92fc697fd34924e11904
  SwiftyGif: 5d4af95df24caf1c570dbbcb32a3b8a0763bc6d7
  url_launcher: 6fef411d543ceb26efce54b05a0a40bfd74cbbef

PODFILE CHECKSUM: e5daa475d61fa9d8f7d3e6bfec1794ecd75583ad

COCOAPODS: 1.10.1
